
Microsoft Visual Studio Solution File, Format Version 12.00
# Visual Studio Version 17
VisualStudioVersion = 17.0.31903.59
MinimumVisualStudioVersion = 10.0.40219.1
Project("{9A19103F-16F7-4668-BE54-9A1E7A4F7556}") = "BlazorHTMX.Api", "BlazorHTMX.Api\BlazorHTMX.Api.csproj", "{7EC87B9D-2340-486C-ADBB-29AC1A111D77}"
EndProject
Global
	GlobalSection(SolutionConfigurationPlatforms) = preSolution
		Debug|Any CPU = Debug|Any CPU
		Release|Any CPU = Release|Any CPU
	EndGlobalSection
	GlobalSection(ProjectConfigurationPlatforms) = postSolution
		{7EC87B9D-2340-486C-ADBB-29AC1A111D77}.Debug|Any CPU.ActiveCfg = Debug|Any CPU
		{7EC87B9D-2340-486C-ADBB-29AC1A111D77}.Debug|Any CPU.Build.0 = Debug|Any CPU
		{7EC87B9D-2340-486C-ADBB-29AC1A111D77}.Release|Any CPU.ActiveCfg = Release|Any CPU
		{7EC87B9D-2340-486C-ADBB-29AC1A111D77}.Release|Any CPU.Build.0 = Release|Any CPU
	EndGlobalSection
	GlobalSection(SolutionProperties) = preSolution
		HideSolutionNode = FALSE
	EndGlobalSection
	GlobalSection(ExtensibilityGlobals) = postSolution
		SolutionGuid = {D2921A0A-3DB2-4A0C-BA80-9455B4CA2BBF}
	EndGlobalSection
EndGlobal
